
Microsoft Visual Studio Solution File, Format Version 12.00
# Visual Studio Version 17
VisualStudioVersion = 17.14.37710.0 d17.14
MinimumVisualStudioVersion = 10.0.40219.1
Project("{FAE04EC0-301F-11D3-BF4B-00C04F79EFBC}") = "student information", "student information\student information.csproj", "{7133EF03-94FB-4FA8-8688-0F7946EDBDFC}"
EndProject
Global
	GlobalSection(SolutionConfigurationPlatforms) = preSolution
		Debug|Any CPU = Debug|Any CPU
		Release|Any CPU = Release|Any CPU
	EndGlobalSection
	GlobalSection(ProjectConfigurationPlatforms) = postSolution
		{7133EF03-94FB-4FA8-8688-0F7946EDBDFC}.Debug|Any CPU.ActiveCfg = Debug|Any CPU
		{7133EF03-94FB-4FA8-8688-0F7946EDBDFC}.Debug|Any CPU.Build.0 = Debug|Any CPU
		{7133EF03-94FB-4FA8-8688-0F7946EDBDFC}.Release|Any CPU.ActiveCfg = Release|Any CPU
		{7133EF03-94FB-4FA8-8688-0F7946EDBDFC}.Release|Any CPU.Build.0 = Release|Any CPU
	EndGlobalSection
	GlobalSection(SolutionProperties) = preSolution
		HideSolutionNode = FALSE
	EndGlobalSection
	GlobalSection(ExtensibilityGlobals) = postSolution
		SolutionGuid = {ADE24C91-6185-4F0D-87CD-9D720DA31B96}
	EndGlobalSection
EndGlobal
